// !$*UTF8*$!
{
	archiveVersion = 1;
	classes = {
	};
	objectVersion = 48;
	objects = {

/* Begin PBXBuildFile section */
		8CF5D45A1F25A25B00AB1F4C /* AppDelegate.swift in Sources */ = {isa = PBXBuildFile; fileRef = 8CF5D4591F25A25B00AB1F4C /* AppDelegate.swift */; };
		8CF5D45C1F25A25B00AB1F4C /* ViewController.swift in Sources */ = {isa = PBXBuildFile; fileRef = 8CF5D45B1F25A25B00AB1F4C /* ViewController.swift */; };
		8CF5D45F1F25A25B00AB1F4C /* Main.storyboard in Resources */ = {isa = PBXBuildFile; fileRef = 8CF5D45D1F25A25B00AB1F4C /* Main.storyboard */; };
		8CF5D4621F25A25C00AB1F4C /* Sound_Board.xcdatamodeld in Sources */ = {isa = PBXBuildFile; fileRef = 8CF5D4601F25A25C00AB1F4C /* Sound_Board.xcdatamodeld */; };
		8CF5D4641F25A25C00AB1F4C /* Assets.xcassets in Resources */ = {isa = PBXBuildFile; fileRef = 8CF5D4631F25A25C00AB1F4C /* Assets.xcassets */; };
		8CF5D4671F25A25D00AB1F4C /* LaunchScreen.storyboard in Resources */ = {isa = PBXBuildFile; fileRef = 8CF5D4651F25A25D00AB1F4C /* LaunchScreen.storyboard */; };
/* End PBXBuildFile section */

/* Begin PBXFileReference section */
		8CF5D4561F25A25B00AB1F4C /* Sound Board.app */ = {isa = PBXFileReference; explicitFileType = wrapper.application; includeInIndex = 0; path = "Sound Board.app"; sourceTree = BUILT_PRODUCTS_DIR; };
		8CF5D4591F25A25B00AB1F4C /* AppDelegate.swift */ = {isa = PBXFileReference; lastKnownFileType = sourcecode.swift; path = AppDelegate.swift; sourceTree = "<group>"; };
		8CF5D45B1F25A25B00AB1F4C /* ViewController.swift */ = {isa = PBXFileReference; lastKnownFileType = sourcecode.swift; path = ViewController.swift; sourceTree = "<group>"; };
		8CF5D45E1F25A25B00AB1F4C /* Base */ = {isa = PBXFileReference; lastKnownFileType = file.storyboard; name = Base; path = Base.lproj/Main.storyboard; sourceTree = "<group>"; };
		8CF5D4611F25A25C00AB1F4C /* Sound_Board.xcdatamodel */ = {isa = PBXFileReference; lastKnownFileType = wrapper.xcdatamodel; path = Sound_Board.xcdatamodel; sourceTree = "<group>"; };
		8CF5D4631F25A25C00AB1F4C /* Assets.xcassets */ = {isa = PBXFileReference; lastKnownFileType = folder.assetcatalog; path = Assets.xcassets; sourceTree = "<group>"; };
		8CF5D4661F25A25D00AB1F4C /* Base */ = {isa = PBXFileReference; lastKnownFileType = file.storyboard; name = Base; path = Base.lproj/LaunchScreen.storyboard; sourceTree = "<group>"; };
		8CF5D4681F25A25D00AB1F4C /* Info.plist */ = {isa = PBXFileReference; lastKnownFileType = text.plist.xml; path = Info.plist; sourceTree = "<group>"; };
/* End PBXFileReference section */

/* Begin PBXFrameworksBuildPhase section */
		8CF5D4531F25A25A00AB1F4C /* Frameworks */ = {
			isa = PBXFrameworksBuildPhase;
			buildActionMask = 2147483647;
			files = (
			);
			runOnlyForDeploymentPostprocessing = 0;
		};
/* End PBXFrameworksBuildPhase section */

/* Begin PBXGroup section */
		8CF5D44D1F25A25900AB1F4C = {
			isa = PBXGroup;
			children = (
				8CF5D4581F25A25B00AB1F4C /* Sound Board */,
				8CF5D4571F25A25B00AB1F4C /* Products */,
			);
			sourceTree = "<group>";
		};
		8CF5D4571F25A25B00AB1F4C /* Products */ = {
			isa = PBXGroup;
			children = (
				8CF5D4561F25A25B00AB1F4C /* Sound Board.app */,
			);
			name = Products;
			sourceTree = "<group>";
		};
		8CF5D4581F25A25B00AB1F4C /* Sound Board */ = {
			isa = PBXGroup;
			children = (
				8CF5D4591F25A25B00AB1F4C /* AppDelegate.swift */,
				8CF5D45B1F25A25B00AB1F4C /* ViewController.swift */,
				8CF5D45D1F25A25B00AB1F4C /* Main.storyboard */,
				8CF5D4631F25A25C00AB1F4C /* Assets.xcassets */,
				8CF5D4651F25A25D00AB1F4C /* LaunchScreen.storyboard */,
				8CF5D4681F25A25D00AB1F4C /* Info.plist */,
				8CF5D4601F25A25C00AB1F4C /* Sound_Board.xcdatamodeld */,
			);
			path = "Sound Board";
			sourceTree = "<group>";
		};
/* End PBXGroup section */

/* Begin PBXNativeTarget section */
		8CF5D4551F25A25A00AB1F4C /* Sound Board */ = {
			isa = PBXNativeTarget;
			buildConfigurationList = 8CF5D46B1F25A25D00AB1F4C /* Build configuration list for PBXNativeTarget "Sound Board" */;
			buildPhases = (
				8CF5D4521F25A25A00AB1F4C /* Sources */,
				8CF5D4531F25A25A00AB1F4C /* Frameworks */,
				8CF5D4541F25A25A00AB1F4C /* Resources */,
			);
			buildRules = (
			);
			dependencies = (
			);
			name = "Sound Board";
			productName = "Sound Board";
			productReference = 8CF5D4561F25A25B00AB1F4C /* Sound Board.app */;
			productType = "com.apple.product-type.application";
		};
/* End PBXNativeTarget section */

/* Begin PBXProject section */
		8CF5D44E1F25A25A00AB1F4C /* Project object */ = {
			isa = PBXProject;
			attributes = {
				LastSwiftUpdateCheck = 0900;
				LastUpgradeCheck = 0900;
				ORGANIZATIONNAME = JRSMedia;
				TargetAttributes = {
					8CF5D4551F25A25A00AB1F4C = {
						CreatedOnToolsVersion = 9.0;
					};
				};
			};
			buildConfigurationList = 8CF5D4511F25A25A00AB1F4C /* Build configuration list for PBXProject "Sound Board" */;
			compatibilityVersion = "Xcode 8.0";
			developmentRegion = en;
			hasScannedForEncodings = 0;
			knownRegions = (
				en,
				Base,
			);
			mainGroup = 8CF5D44D1F25A25900AB1F4C;
			productRefGroup = 8CF5D4571F25A25B00AB1F4C /* Products */;
			projectDirPath = "";
			projectRoot = "";
			targets = (
				8CF5D4551F25A25A00AB1F4C /* Sound Board */,
			);
		};
/* End PBXProject section */

/* Begin PBXResourcesBuildPhase section */
		8CF5D4541F25A25A00AB1F4C /* Resources */ = {
			isa = PBXResourcesBuildPhase;
			buildActionMask = 2147483647;
			files = (
				8CF5D4671F25A25D00AB1F4C /* LaunchScreen.storyboard in Resources */,
				8CF5D4641F25A25C00AB1F4C /* Assets.xcassets in Resources */,
				8CF5D45F1F25A25B00AB1F4C /* Main.storyboard in Resources */,
			);
			runOnlyForDeploymentPostprocessing = 0;
		};
/* End PBXResourcesBuildPhase section */

/* Begin PBXSourcesBuildPhase section */
		8CF5D4521F25A25A00AB1F4C /* Sources */ = {
			isa = PBXSourcesBuildPhase;
			buildActionMask = 2147483647;
			files = (
				8CF5D4621F25A25C00AB1F4C /* Sound_Board.xcdatamodeld in Sources */,
				8CF5D45C1F25A25B00AB1F4C /* ViewController.swift in Sources */,
				8CF5D45A1F25A25B00AB1F4C /* AppDelegate.swift in Sources */,
			);
			runOnlyForDeploymentPostprocessing = 0;
		};
/* End PBXSourcesBuildPhase section */

/* Begin PBXVariantGroup section */
		8CF5D45D1F25A25B00AB1F4C /* Main.storyboard */ = {
			isa = PBXVariantGroup;
			children = (
				8CF5D45E1F25A25B00AB1F4C /* Base */,
			);
			name = Main.storyboard;
			sourceTree = "<group>";
		};
		8CF5D4651F25A25D00AB1F4C /* LaunchScreen.storyboard */ = {
			isa = PBXVariantGroup;
			children = (
				8CF5D4661F25A25D00AB1F4C /* Base */,
			);
			name = LaunchScreen.storyboard;
			sourceTree = "<group>";
		};
/* End PBXVariantGroup section */

/* Begin XCBuildConfiguration section */
		8CF5D4691F25A25D00AB1F4C /* Debug */ = {
			isa = XCBuildConfiguration;
			buildSettings = {
				ALWAYS_SEARCH_USER_PATHS = NO;
				CLANG_ANALYZER_NONNULL = YES;
				CLANG_ANALYZER_NUMBER_OBJECT_CONVERSION = YES_AGGRESSIVE;
				CLANG_CXX_LANGUAGE_STANDARD = "gnu++14";
				CLANG_CXX_LIBRARY = "libc++";
				CLANG_ENABLE_MODULES = YES;
				CLANG_ENABLE_OBJC_ARC = YES;
				CLANG_WARN_BLOCK_CAPTURE_AUTORELEASING = YES;
				CLANG_WARN_BOOL_CONVERSION = YES;
				CLANG_WARN_COMMA = YES;
				CLANG_WARN_CONSTANT_CONVERSION = YES;
				CLANG_WARN_DIRECT_OBJC_ISA_USAGE = YES_ERROR;
				CLANG_WARN_DOCUMENTATION_COMMENTS = YES;
				CLANG_WARN_EMPTY_BODY = YES;
				CLANG_WARN_ENUM_CONVERSION = YES;
				CLANG_WARN_INFINITE_RECURSION = YES;
				CLANG_WARN_INT_CONVERSION = YES;
				CLANG_WARN_NON_LITERAL_NULL_CONVERSION = YES;
				CLANG_WARN_OBJC_LITERAL_CONVERSION = YES;
				CLANG_WARN_OBJC_ROOT_CLASS = YES_ERROR;
				CLANG_WARN_RANGE_LOOP_ANALYSIS = YES;
				CLANG_WARN_STRICT_PROTOTYPES = YES;
				CLANG_WARN_SUSPICIOUS_MOVE = YES;
				CLANG_WARN_UNGUARDED_AVAILABILITY = YES_AGGRESSIVE;
				CLANG_WARN_UNREACHABLE_CODE = YES;
				CLANG_WARN__DUPLICATE_METHOD_MATCH = YES;
				CODE_SIGN_IDENTITY = "iPhone Developer";
				COPY_PHASE_STRIP = NO;
				DEBUG_INFORMATION_FORMAT = dwarf;
				ENABLE_STRICT_OBJC_MSGSEND = YES;
				ENABLE_TESTABILITY = YES;
				GCC_C_LANGUAGE_STANDARD = gnu11;
				GCC_DYNAMIC_NO_PIC = NO;
				GCC_NO_COMMON_BLOCKS = YES;
				GCC_OPTIMIZATION_LEVEL = 0;
				GCC_PREPROCESSOR_DEFINITIONS = (
					"DEBUG=1",
					"$(inherited)",
				);
				GCC_WARN_64_TO_32_BIT_CONVERSION = YES;
				GCC_WARN_ABOUT_RETURN_TYPE = YES_ERROR;
				GCC_WARN_UNDECLARED_SELECTOR = YES;
				GCC_WARN_UNINITIALIZED_AUTOS = YES_AGGRESSIVE;
				GCC_WARN_UNUSED_FUNCTION = YES;
				GCC_WARN_UNUSED_VARIABLE = YES;
				IPHONEOS_DEPLOYMENT_TARGET = 11.0;
				MTL_ENABLE_DEBUG_INFO = YES;
				ONLY_ACTIVE_ARCH = YES;
				SDKROOT = iphoneos;
				SWIFT_ACTIVE_COMPILATION_CONDITIONS = DEBUG;
				SWIFT_OPTIMIZATION_LEVEL = "-Onone";
			};
			name = Debug;
		};
		8CF5D46A1F25A25D00AB1F4C /* Release */ = {
			isa = XCBuildConfiguration;
			buildSettings = {
				ALWAYS_SEARCH_USER_PATHS = NO;
				CLANG_ANALYZER_NONNULL = YES;
				CLANG_ANALYZER_NUMBER_OBJECT_CONVERSION = YES_AGGRESSIVE;
				CLANG_CXX_LANGUAGE_STANDARD = "gnu++14";
				CLANG_CXX_LIBRARY = "libc++";
				CLANG_ENABLE_MODULES = YES;
				CLANG_ENABLE_OBJC_ARC = YES;
				CLANG_WARN_BLOCK_CAPTURE_AUTORELEASING = YES;
				CLANG_WARN_BOOL_CONVERSION = YES;
				CLANG_WARN_COMMA = YES;
				CLANG_WARN_CONSTANT_CONVERSION = YES;
				CLANG_WARN_DIRECT_OBJC_ISA_USAGE = YES_ERROR;
				CLANG_WARN_DOCUMENTATION_COMMENTS = YES;
				CLANG_WARN_EMPTY_BODY = YES;
				CLANG_WARN_ENUM_CONVERSION = YES;
				CLANG_WARN_INFINITE_RECURSION = YES;
				CLANG_WARN_INT_CONVERSION = YES;
				CLANG_WARN_NON_LITERAL_NULL_CONVERSION = YES;
				CLANG_WARN_OBJC_LITERAL_CONVERSION = YES;
				CLANG_WARN_OBJC_ROOT_CLASS = YES_ERROR;
				CLANG_WARN_RANGE_LOOP_ANALYSIS = YES;
				CLANG_WARN_STRICT_PROTOTYPES = YES;
				CLANG_WARN_SUSPICIOUS_MOVE = YES;
				CLANG_WARN_UNGUARDED_AVAILABILITY = YES_AGGRESSIVE;
				CLANG_WARN_UNREACHABLE_CODE = YES;
				CLANG_WARN__DUPLICATE_METHOD_MATCH = YES;
				CODE_SIGN_IDENTITY = "iPhone Developer";
				COPY_PHASE_STRIP = NO;
				DEBUG_INFORMATION_FORMAT = "dwarf-with-dsym";
				ENABLE_NS_ASSERTIONS = NO;
				ENABLE_STRICT_OBJC_MSGSEND = YES;
				GCC_C_LANGUAGE_STANDARD = gnu11;
				GCC_NO_COMMON_BLOCKS = YES;
				GCC_WARN_64_TO_32_BIT_CONVERSION = YES;
				GCC_WARN_ABOUT_RETURN_TYPE = YES_ERROR;
				GCC_WARN_UNDECLARED_SELECTOR = YES;
				GCC_WARN_UNINITIALIZED_AUTOS = YES_AGGRESSIVE;
				GCC_WARN_UNUSED_FUNCTION = YES;
				GCC_WARN_UNUSED_VARIABLE = YES;
				IPHONEOS_DEPLOYMENT_TARGET = 11.0;
				MTL_ENABLE_DEBUG_INFO = NO;
				SDKROOT = iphoneos;
				SWIFT_OPTIMIZATION_LEVEL = "-Owholemodule";
				VALIDATE_PRODUCT = YES;
			};
			name = Release;
		};
		8CF5D46C1F25A25D00AB1F4C /* Debug */ = {
			isa = XCBuildConfiguration;
			buildSettings = {
				ASSETCATALOG_COMPILER_APPICON_NAME = AppIcon;
				DEVELOPMENT_TEAM = B2PB5MHJ3D;
				INFOPLIST_FILE = "Sound Board/Info.plist";
				LD_RUNPATH_SEARCH_PATHS = "$(inherited) @executable_path/Frameworks";
				PRODUCT_BUNDLE_IDENTIFIER = "JRSMedia.Sound-Board";
				PRODUCT_NAME = "$(TARGET_NAME)";
				SWIFT_VERSION = 4.0;
				TARGETED_DEVICE_FAMILY = "1,2";
			};
			name = Debug;
		};
		8CF5D46D1F25A25D00AB1F4C /* Release */ = {
			isa = XCBuildConfiguration;
			buildSettings = {
				ASSETCATALOG_COMPILER_APPICON_NAME = AppIcon;
				DEVELOPMENT_TEAM = B2PB5MHJ3D;
				INFOPLIST_FILE = "Sound Board/Info.plist";
				LD_RUNPATH_SEARCH_PATHS = "$(inherited) @executable_path/Frameworks";
				PRODUCT_BUNDLE_IDENTIFIER = "JRSMedia.Sound-Board";
				PRODUCT_NAME = "$(TARGET_NAME)";
				SWIFT_VERSION = 4.0;
				TARGETED_DEVICE_FAMILY = "1,2";
			};
			name = Release;
		};
/* End XCBuildConfiguration section */

/* Begin XCConfigurationList section */
		8CF5D4511F25A25A00AB1F4C /* Build configuration list for PBXProject "Sound Board" */ = {
			isa = XCConfigurationList;
			buildConfigurations = (
				8CF5D4691F25A25D00AB1F4C /* Debug */,
				8CF5D46A1F25A25D00AB1F4C /* Release */,
			);
			defaultConfigurationIsVisible = 0;
			defaultConfigurationName = Release;
		};
		8CF5D46B1F25A25D00AB1F4C /* Build configuration list for PBXNativeTarget "Sound Board" */ = {
			isa = XCConfigurationList;
			buildConfigurations = (
				8CF5D46C1F25A25D00AB1F4C /* Debug */,
				8CF5D46D1F25A25D00AB1F4C /* Release */,
			);
			defaultConfigurationIsVisible = 0;
		};
/* End XCConfigurationList section */

/* Begin XCVersionGroup section */
		8CF5D4601F25A25C00AB1F4C /* Sound_Board.xcdatamodeld */ = {
			isa = XCVersionGroup;
			children = (
				8CF5D4611F25A25C00AB1F4C /* Sound_Board.xcdatamodel */,
			);
			currentVersion = 8CF5D4611F25A25C00AB1F4C /* Sound_Board.xcdatamodel */;
			path = Sound_Board.xcdatamodeld;
			sourceTree = "<group>";
			versionGroupType = wrapper.xcdatamodel;
		};
/* End XCVersionGroup section */
	};
	rootObject = 8CF5D44E1F25A25A00AB1F4C /* Project object */;
}
